<?xml version="1.0" encoding="utf-8"?>
<Project ToolsVersion="4.0" xmlns="http://schemas.microsoft.com/developer/msbuild/2003">
  <ItemGroup>
    <Filter Include="Source Files">
      <UniqueIdentifier>{3567108b-291f-4283-aeb0-42834c41626f}</UniqueIdentifier>
      <Extensions>cpp;c;cxx;rc;def;r;odl;idl;hpj;bat</Extensions>
    </Filter>
    <Filter Include="Header Files">
      <UniqueIdentifier>{d8390079-5200-44d9-8e7e-248d3746c765}</UniqueIdentifier>
      <Extensions>h;hpp;hxx;hm;inl</Extensions>
    </Filter>
    <Filter Include="Resource Files">
      <UniqueIdentifier>{070a2fb1-22c3-46b7-be66-a75be5b493ae}</UniqueIdentifier>
      <Extensions>ico;cur;bmp;dlg;rc2;rct;bin;rgs;gif;jpg;jpeg;jpe</Extensions>
    </Filter>
  </ItemGroup>
  <ItemGroup>
    <ClCompile Include="camera.cpp">
      <Filter>Source Files</Filter>
    </ClCompile>
    <ClCompile Include="cameraDlg.cpp">
      <Filter>Source Files</Filter>
    </ClCompile>
    <ClCompile Include="CameraDS.cpp">
      <Filter>Source Files</Filter>
    </ClCompile>
    <ClCompile Include="StdAfx.cpp">
      <Filter>Source Files</Filter>
    </ClCompile>
  </ItemGroup>
  <ItemGroup>
    <ResourceCompile Include="camera.rc">
      <Filter>Source Files</Filter>
    </ResourceCompile>
  </ItemGroup>
  <ItemGroup>
    <ClInclude Include="camera.h">
      <Filter>Header Files</Filter>
    </ClInclude>
    <ClInclude Include="cameraDlg.h">
      <Filter>Header Files</Filter>
    </ClInclude>
    <ClInclude Include="Resource.h">
      <Filter>Header Files</Filter>
    </ClInclude>
    <ClInclude Include="StdAfx.h">
      <Filter>Header Files</Filter>
    </ClInclude>
  </ItemGroup>
  <ItemGroup>
    <CustomBuild Include="res\camera.ico">
      <Filter>Resource Files</Filter>
    </CustomBuild>
    <CustomBuild Include="res\camera.rc2">
      <Filter>Resource Files</Filter>
    </CustomBuild>
    <CustomBuild Include="ReadMe.txt" />
  </ItemGroup>
</Project>